
Microsoft Visual Studio Solution File, Format Version 12.00
# Visual Studio 15
VisualStudioVersion = 15.0.28307.329
MinimumVisualStudioVersion = 10.0.40219.1
Project("{9A19103F-16F7-4668-BE54-9A1E7A4F7556}") = "DatingApp.API", "DatingApp.API.csproj", "{E02260D1-DE92-4C84-95BB-0F4D62A9513C}"
EndProject
Global
	GlobalSection(SolutionConfigurationPlatforms) = preSolution
		Debug|Any CPU = Debug|Any CPU
		Release|Any CPU = Release|Any CPU
	EndGlobalSection
	GlobalSection(ProjectConfigurationPlatforms) = postSolution
		{E02260D1-DE92-4C84-95BB-0F4D62A9513C}.Debug|Any CPU.ActiveCfg = Debug|Any CPU
		{E02260D1-DE92-4C84-95BB-0F4D62A9513C}.Debug|Any CPU.Build.0 = Debug|Any CPU
		{E02260D1-DE92-4C84-95BB-0F4D62A9513C}.Release|Any CPU.ActiveCfg = Release|Any CPU
		{E02260D1-DE92-4C84-95BB-0F4D62A9513C}.Release|Any CPU.Build.0 = Release|Any CPU
	EndGlobalSection
	GlobalSection(SolutionProperties) = preSolution
		HideSolutionNode = FALSE
	EndGlobalSection
	GlobalSection(ExtensibilityGlobals) = postSolution
		SolutionGuid = {B9884FAB-8117-4823-AA06-F6B5985C0A67}
	EndGlobalSection
EndGlobal
